
Microsoft Visual Studio Solution File, Format Version 12.00
# Visual Studio Version 17
VisualStudioVersion = 17.5.33424.131
MinimumVisualStudioVersion = 10.0.40219.1
Project("{2150E333-8FDC-42A3-9474-1A3956D46DE8}") = "Services", "Services", "{E2AA6E06-D1F3-4628-8F9D-A4BE07C64709}"
EndProject
Project("{2150E333-8FDC-42A3-9474-1A3956D46DE8}") = "Catalog", "Catalog", "{27A445A7-B70A-4406-8D59-E3F996AA9527}"
EndProject
Project("{9A19103F-16F7-4668-BE54-9A1E7A4F7556}") = "FreeCourse.Services.Catalog", "Services\Catalog\FreeCourse.Services.Catalog\FreeCourse.Services.Catalog.csproj", "{8EAA4A0D-3012-4FB4-A414-C241B11316F6}"
EndProject
Project("{2150E333-8FDC-42A3-9474-1A3956D46DE8}") = "Solution Items", "Solution Items", "{8C24BFB1-6A62-4536-B10A-DE1F7211D384}"
	ProjectSection(SolutionItems) = preProject
		ports = ports
	EndProjectSection
EndProject
Project("{2150E333-8FDC-42A3-9474-1A3956D46DE8}") = "Shared", "Shared", "{9F96F062-F896-4FD4-B3C6-0585BC3CDD34}"
EndProject
Project("{FAE04EC0-301F-11D3-BF4B-00C04F79EFBC}") = "FreeCourse.Shared", "Shared\FreeCourse.Shared\FreeCourse.Shared.csproj", "{B85DF2D2-35A4-458E-9C0D-6128BF80639C}"
EndProject
Global
	GlobalSection(SolutionConfigurationPlatforms) = preSolution
		Debug|Any CPU = Debug|Any CPU
		Release|Any CPU = Release|Any CPU
	EndGlobalSection
	GlobalSection(ProjectConfigurationPlatforms) = postSolution
		{8EAA4A0D-3012-4FB4-A414-C241B11316F6}.Debug|Any CPU.ActiveCfg = Debug|Any CPU
		{8EAA4A0D-3012-4FB4-A414-C241B11316F6}.Debug|Any CPU.Build.0 = Debug|Any CPU
		{8EAA4A0D-3012-4FB4-A414-C241B11316F6}.Release|Any CPU.ActiveCfg = Release|Any CPU
		{8EAA4A0D-3012-4FB4-A414-C241B11316F6}.Release|Any CPU.Build.0 = Release|Any CPU
		{B85DF2D2-35A4-458E-9C0D-6128BF80639C}.Debug|Any CPU.ActiveCfg = Debug|Any CPU
		{B85DF2D2-35A4-458E-9C0D-6128BF80639C}.Debug|Any CPU.Build.0 = Debug|Any CPU
		{B85DF2D2-35A4-458E-9C0D-6128BF80639C}.Release|Any CPU.ActiveCfg = Release|Any CPU
		{B85DF2D2-35A4-458E-9C0D-6128BF80639C}.Release|Any CPU.Build.0 = Release|Any CPU
	EndGlobalSection
	GlobalSection(SolutionProperties) = preSolution
		HideSolutionNode = FALSE
	EndGlobalSection
	GlobalSection(NestedProjects) = preSolution
		{27A445A7-B70A-4406-8D59-E3F996AA9527} = {E2AA6E06-D1F3-4628-8F9D-A4BE07C64709}
		{8EAA4A0D-3012-4FB4-A414-C241B11316F6} = {27A445A7-B70A-4406-8D59-E3F996AA9527}
		{B85DF2D2-35A4-458E-9C0D-6128BF80639C} = {9F96F062-F896-4FD4-B3C6-0585BC3CDD34}
	EndGlobalSection
	GlobalSection(ExtensibilityGlobals) = postSolution
		SolutionGuid = {8A5A182E-8398-480C-9FF6-6A9561613FFF}
	EndGlobalSection
EndGlobal
